
Microsoft Visual Studio Solution File, Format Version 12.00
# Visual Studio 15
VisualStudioVersion = 15.0.28307.572
MinimumVisualStudioVersion = 10.0.40219.1
Project("{FAE04EC0-301F-11D3-BF4B-00C04F79EFBC}") = "SOAP_WebServices", "SOAP_WebServices\SOAP_WebServices.csproj", "{CC10FD32-658E-4EF7-B1E0-216FC2017230}"
EndProject
Global
	GlobalSection(SolutionConfigurationPlatforms) = preSolution
		Debug|Any CPU = Debug|Any CPU
		Release|Any CPU = Release|Any CPU
	EndGlobalSection
	GlobalSection(ProjectConfigurationPlatforms) = postSolution
		{CC10FD32-658E-4EF7-B1E0-216FC2017230}.Debug|Any CPU.ActiveCfg = Debug|Any CPU
		{CC10FD32-658E-4EF7-B1E0-216FC2017230}.Debug|Any CPU.Build.0 = Debug|Any CPU
		{CC10FD32-658E-4EF7-B1E0-216FC2017230}.Release|Any CPU.ActiveCfg = Release|Any CPU
		{CC10FD32-658E-4EF7-B1E0-216FC2017230}.Release|Any CPU.Build.0 = Release|Any CPU
	EndGlobalSection
	GlobalSection(SolutionProperties) = preSolution
		HideSolutionNode = FALSE
	EndGlobalSection
	GlobalSection(ExtensibilityGlobals) = postSolution
		SolutionGuid = {722C605D-856F-467F-A44E-BD65D254B664}
	EndGlobalSection
EndGlobal
